
Microsoft Visual Studio Solution File, Format Version 12.00
# Visual Studio 14
VisualStudioVersion = 14.0.25420.1
MinimumVisualStudioVersion = 10.0.40219.1
Project("{F2A71F9B-5D33-465A-A702-920D77279786}") = "MacroRunner", "MacroRunner\MacroRunner.fsproj", "{D48445BD-142F-49AB-A6CE-A6305BF6A27B}"
EndProject
Project("{F2A71F9B-5D33-465A-A702-920D77279786}") = "CodeGeneration", "CodeGeneration\CodeGeneration.fsproj", "{F9A8079C-5EA0-41CE-BDCC-234189E657C0}"
EndProject
Project("{F2A71F9B-5D33-465A-A702-920D77279786}") = "MacroRunner.Tests", "MacroRunner.Tests\MacroRunner.Tests.fsproj", "{F23A76D2-5876-494C-9F14-5FD4CF63BDA6}"
EndProject
Project("{2150E333-8FDC-42A3-9474-1A3956D46DE8}") = "Solution Items", "Solution Items", "{DFCA90CC-07FD-4CDB-9157-1FE54C436B18}"
	ProjectSection(SolutionItems) = preProject
		appveyor.yml = appveyor.yml
	EndProjectSection
EndProject
Project("{F2A71F9B-5D33-465A-A702-920D77279786}") = "BMeffers", "BMeffers\BMeffers.fsproj", "{D71D00E0-447E-4C74-8163-E9BB309657EB}"
EndProject
Global
	GlobalSection(SolutionConfigurationPlatforms) = preSolution
		Debug|Any CPU = Debug|Any CPU
		Debug|x86 = Debug|x86
		Release|Any CPU = Release|Any CPU
		Release|x86 = Release|x86
	EndGlobalSection
	GlobalSection(ProjectConfigurationPlatforms) = postSolution
		{D48445BD-142F-49AB-A6CE-A6305BF6A27B}.Debug|Any CPU.ActiveCfg = Debug|x86
		{D48445BD-142F-49AB-A6CE-A6305BF6A27B}.Debug|Any CPU.Build.0 = Debug|x86
		{D48445BD-142F-49AB-A6CE-A6305BF6A27B}.Debug|x86.ActiveCfg = Debug|x86
		{D48445BD-142F-49AB-A6CE-A6305BF6A27B}.Debug|x86.Build.0 = Debug|x86
		{D48445BD-142F-49AB-A6CE-A6305BF6A27B}.Release|Any CPU.ActiveCfg = Release|x86
		{D48445BD-142F-49AB-A6CE-A6305BF6A27B}.Release|Any CPU.Build.0 = Release|x86
		{D48445BD-142F-49AB-A6CE-A6305BF6A27B}.Release|x86.ActiveCfg = Release|x86
		{D48445BD-142F-49AB-A6CE-A6305BF6A27B}.Release|x86.Build.0 = Release|x86
		{F9A8079C-5EA0-41CE-BDCC-234189E657C0}.Debug|Any CPU.ActiveCfg = Debug|Any CPU
		{F9A8079C-5EA0-41CE-BDCC-234189E657C0}.Debug|Any CPU.Build.0 = Debug|Any CPU
		{F9A8079C-5EA0-41CE-BDCC-234189E657C0}.Debug|x86.ActiveCfg = Debug|Any CPU
		{F9A8079C-5EA0-41CE-BDCC-234189E657C0}.Debug|x86.Build.0 = Debug|Any CPU
		{F9A8079C-5EA0-41CE-BDCC-234189E657C0}.Release|Any CPU.ActiveCfg = Release|Any CPU
		{F9A8079C-5EA0-41CE-BDCC-234189E657C0}.Release|Any CPU.Build.0 = Release|Any CPU
		{F9A8079C-5EA0-41CE-BDCC-234189E657C0}.Release|x86.ActiveCfg = Release|Any CPU
		{F9A8079C-5EA0-41CE-BDCC-234189E657C0}.Release|x86.Build.0 = Release|Any CPU
		{F23A76D2-5876-494C-9F14-5FD4CF63BDA6}.Debug|Any CPU.ActiveCfg = Debug|Any CPU
		{F23A76D2-5876-494C-9F14-5FD4CF63BDA6}.Debug|Any CPU.Build.0 = Debug|Any CPU
		{F23A76D2-5876-494C-9F14-5FD4CF63BDA6}.Debug|x86.ActiveCfg = Debug|Any CPU
		{F23A76D2-5876-494C-9F14-5FD4CF63BDA6}.Debug|x86.Build.0 = Debug|Any CPU
		{F23A76D2-5876-494C-9F14-5FD4CF63BDA6}.Release|Any CPU.ActiveCfg = Release|Any CPU
		{F23A76D2-5876-494C-9F14-5FD4CF63BDA6}.Release|Any CPU.Build.0 = Release|Any CPU
		{F23A76D2-5876-494C-9F14-5FD4CF63BDA6}.Release|x86.ActiveCfg = Release|Any CPU
		{F23A76D2-5876-494C-9F14-5FD4CF63BDA6}.Release|x86.Build.0 = Release|Any CPU
		{D71D00E0-447E-4C74-8163-E9BB309657EB}.Debug|Any CPU.ActiveCfg = Debug|Any CPU
		{D71D00E0-447E-4C74-8163-E9BB309657EB}.Debug|Any CPU.Build.0 = Debug|Any CPU
		{D71D00E0-447E-4C74-8163-E9BB309657EB}.Debug|x86.ActiveCfg = Debug|Any CPU
		{D71D00E0-447E-4C74-8163-E9BB309657EB}.Debug|x86.Build.0 = Debug|Any CPU
		{D71D00E0-447E-4C74-8163-E9BB309657EB}.Release|Any CPU.ActiveCfg = Release|Any CPU
		{D71D00E0-447E-4C74-8163-E9BB309657EB}.Release|Any CPU.Build.0 = Release|Any CPU
		{D71D00E0-447E-4C74-8163-E9BB309657EB}.Release|x86.ActiveCfg = Release|Any CPU
		{D71D00E0-447E-4C74-8163-E9BB309657EB}.Release|x86.Build.0 = Release|Any CPU
	EndGlobalSection
	GlobalSection(SolutionProperties) = preSolution
		HideSolutionNode = FALSE
	EndGlobalSection
	GlobalSection(MonoDevelopProperties) = preSolution
		StartupItem = MacroRunner\MacroRunner.fsproj
		Policies = $0
		$0.DotNetNamingPolicy = $1
		$1.DirectoryNamespaceAssociation = None
		$1.ResourceNamePolicy = FileFormatDefault
		$0.TextStylePolicy = $2
		$2.inheritsSet = null
		$2.scope = text/x-fsharp
		$0.FSharpFormattingPolicy = $3
		$3.DefaultFormat = $4
		$4.IndentOnTryWith = False
		$4.ReorderOpenDeclaration = False
		$4.SpaceAfterComma = True
		$4.SpaceAfterSemicolon = True
		$4.SpaceAroundDelimiter = True
		$4.SpaceBeforeArgument = True
		$4.SpaceBeforeColon = True
		$4.SemicolonAtEndOfLine = False
		$3.scope = text/x-fsharp
		$0.StandardHeader = $5
		$5.Text = 
		$5.IncludeInNewFiles = True
		$0.NameConventionPolicy = $6
		$6.Rules = $7
		$7.NamingRule = $27
		$8.Name = Namespaces
		$8.AffectedEntity = Namespace
		$8.VisibilityMask = VisibilityMask
		$8.NamingStyle = PascalCase
		$8.IncludeInstanceMembers = True
		$8.IncludeStaticEntities = True
		$9.Name = Types
		$9.AffectedEntity = Class, Struct, Enum, Delegate
		$9.VisibilityMask = Public
		$9.NamingStyle = PascalCase
		$9.IncludeInstanceMembers = True
		$9.IncludeStaticEntities = True
		$10.Name = Interfaces
		$10.RequiredPrefixes = $11
		$11.String = I
		$10.AffectedEntity = Interface
		$10.VisibilityMask = Public
		$10.NamingStyle = PascalCase
		$10.IncludeInstanceMembers = True
		$10.IncludeStaticEntities = True
		$12.Name = Attributes
		$12.RequiredSuffixes = $13
		$13.String = Attribute
		$12.AffectedEntity = CustomAttributes
		$12.VisibilityMask = Public
		$12.NamingStyle = PascalCase
		$12.IncludeInstanceMembers = True
		$12.IncludeStaticEntities = True
		$14.Name = Event Arguments
		$14.RequiredSuffixes = $15
		$15.String = EventArgs
		$14.AffectedEntity = CustomEventArgs
		$14.VisibilityMask = Public
		$14.NamingStyle = PascalCase
		$14.IncludeInstanceMembers = True
		$14.IncludeStaticEntities = True
		$16.Name = Exceptions
		$16.RequiredSuffixes = $17
		$17.String = Exception
		$16.AffectedEntity = CustomExceptions
		$16.VisibilityMask = VisibilityMask
		$16.NamingStyle = PascalCase
		$16.IncludeInstanceMembers = True
		$16.IncludeStaticEntities = True
		$18.Name = Methods
		$18.AffectedEntity = Methods
		$18.VisibilityMask = Protected, Public
		$18.NamingStyle = PascalCase
		$18.IncludeInstanceMembers = True
		$18.IncludeStaticEntities = True
		$19.Name = Static Readonly Fields
		$19.AffectedEntity = ReadonlyField
		$19.VisibilityMask = Protected, Public
		$19.NamingStyle = PascalCase
		$19.IncludeInstanceMembers = False
		$19.IncludeStaticEntities = True
		$20.Name = Fields
		$20.AffectedEntity = Field
		$20.VisibilityMask = Protected, Public
		$20.NamingStyle = PascalCase
		$20.IncludeInstanceMembers = True
		$20.IncludeStaticEntities = True
		$21.Name = ReadOnly Fields
		$21.AffectedEntity = ReadonlyField
		$21.VisibilityMask = Protected, Public
		$21.NamingStyle = PascalCase
		$21.IncludeInstanceMembers = True
		$21.IncludeStaticEntities = False
		$22.Name = Constant Fields
		$22.AffectedEntity = ConstantField
		$22.VisibilityMask = Protected, Public
		$22.NamingStyle = PascalCase
		$22.IncludeInstanceMembers = True
		$22.IncludeStaticEntities = True
		$23.Name = Properties
		$23.AffectedEntity = Property
		$23.VisibilityMask = Protected, Public
		$23.NamingStyle = PascalCase
		$23.IncludeInstanceMembers = True
		$23.IncludeStaticEntities = True
		$24.Name = Events
		$24.AffectedEntity = Event
		$24.VisibilityMask = Protected, Public
		$24.NamingStyle = PascalCase
		$24.IncludeInstanceMembers = True
		$24.IncludeStaticEntities = True
		$25.Name = Enum Members
		$25.AffectedEntity = EnumMember
		$25.VisibilityMask = VisibilityMask
		$25.NamingStyle = PascalCase
		$25.IncludeInstanceMembers = True
		$25.IncludeStaticEntities = True
		$26.Name = Parameters
		$26.AffectedEntity = Parameter
		$26.VisibilityMask = VisibilityMask
		$26.NamingStyle = CamelCase
		$26.IncludeInstanceMembers = True
		$26.IncludeStaticEntities = True
		$27.Name = Type Parameters
		$27.RequiredPrefixes = $28
		$28.String = T
		$27.AffectedEntity = TypeParameter
		$27.VisibilityMask = VisibilityMask
		$27.NamingStyle = PascalCase
		$27.IncludeInstanceMembers = True
		$27.IncludeStaticEntities = True
		$0.VersionControlPolicy = $29
		$29.inheritsSet = Mono
	EndGlobalSection
EndGlobal
